github.com/google/go-cmp v0.6.0 h1:ofyhxvXcZhMsU5ulbFiLKl/XBFqE1GSq7atu8tAmTRI=
github.com/google/go-cmp v0.6.0/go.mod h1:17dUlkBOakJ0+DkrSSNjCkIjxS6bF9zb3elmeNGIjoY=
github.com/oklog/ulid/v2 v2.1.2 h1:IEclFb9JNvzYA6MW2SCxbLzcHTVsfqm3PrqGQJH5zec=
github.com/oklog/ulid/v2 v2.1.2/go.mod h1:rcEKHmBBKfef9DhnvX7y1HZBYxjXb0cP5ExxNsTT1QQ=
github.com/pborman/getopt v0.0.0-20170112200414-7148bc3a4c30/go.mod h1:85jBQOZwpVEaDAr341tbn15RS4fCAsIst0qp7i8ex1o=
github.com/samber/lo v1.53.0 h1:t975lj2py4kJPQ6haz1QMgtId2gtmfktACxIXArw3HM=
github.com/samber/lo v1.53.0/go.mod h1:4+MXEGsJzbKGaUEQFKBq2xtfuznW9oz/WrgyzMzRoM0=
github.com/stretchr/testify v1.12.1 h1:EuwCh5fleGS7H32xRwO3wRGT7DxrDhLAT6FF8MpWDWE=
github.com/stretchr/testify v1.12.1/go.mod h1:MDEgiDPPsNp5cuIrHPPCyornHKgEVbtFUmoNlxoYthg=
go.opentelemetry.io/otel v1.29.0 h1:PdomN/Al4q/lN6iBJEN3AwPvUiHPMlt93c8bqTG5Llw=
go.opentelemetry.io/otel v1.29.0/go.mod h1:N/WtXPs1CNCUEx+Agz5uouwCba+i+bJGFicT8SR4NP8=
go.opentelemetry.io/otel/trace v1.29.0 h1:J/8ZNK4XgR7a21DZUAsbF8pZ5Jcw1VhACmnYt39JTi4=
go.opentelemetry.io/otel/trace v1.29.0/go.mod h1:eHl3w0sp3paPkYstJOmAimxhiFXPg+MMTlEh3nsQgWQ=
go.uber.org/goleak v1.3.0 h1:2K3zAYmnTNqV73imy9J1T3WC+gmCePx2hEGkimedGto=
go.uber.org/goleak v1.3.0/go.mod h1:CoHD4mav9JJNrW/WLlf7HGZPjdw8EucARQHekz1X6bE=
go.yaml.in/yaml/v3 v3.0.5 h1:N6y/pJk8buWs9NY5ERU2HSMfm+IuD/OtfdAnq6kESPw=
go.yaml.in/yaml/v3 v3.0.5/go.mod h1:HVTZu1O7/Vkt2N+BFy8Zza+lnLsABggaTM2ZpNIGuKg=
golang.org/x/text v0.22.0 h1:bofq7m3/HAFvbF51jz3Q9wLg3jkvSPuiZu/pD1XwgtM=
golang.org/x/text v0.22.0/go.mod h1:YRoo4H8PVmsu+E3Ou7cqLVH8oXWIHVoX0jqUWALQhfY=
